
Microsoft Visual Studio Solution File, Format Version 12.00
# Visual Studio Version 17
VisualStudioVersion = 17.5.33516.290
MinimumVisualStudioVersion = 10.0.40219.1
Project("{9A19103F-16F7-4668-BE54-9A1E7A4F7556}") = "SocialMediaProject", "SocialMediaProject\SocialMediaProject.csproj", "{D6BC4160-3DFB-4618-ACAC-ACD1DDAAB63B}"
EndProject
Project("{FAE04EC0-301F-11D3-BF4B-00C04F79EFBC}") = "DB_Linq_Frame", "..\DB_Linq_Frame\DB_Linq_Frame.csproj", "{AE883D5B-8A65-43E8-83E1-81A473B51CC6}"
EndProject
Global
	GlobalSection(SolutionConfigurationPlatforms) = preSolution
		Debug|Any CPU = Debug|Any CPU
		Release|Any CPU = Release|Any CPU
	EndGlobalSection
	GlobalSection(ProjectConfigurationPlatforms) = postSolution
		{D6BC4160-3DFB-4618-ACAC-ACD1DDAAB63B}.Debug|Any CPU.ActiveCfg = Debug|Any CPU
		{D6BC4160-3DFB-4618-ACAC-ACD1DDAAB63B}.Debug|Any CPU.Build.0 = Debug|Any CPU
		{D6BC4160-3DFB-4618-ACAC-ACD1DDAAB63B}.Release|Any CPU.ActiveCfg = Release|Any CPU
		{D6BC4160-3DFB-4618-ACAC-ACD1DDAAB63B}.Release|Any CPU.Build.0 = Release|Any CPU
		{AE883D5B-8A65-43E8-83E1-81A473B51CC6}.Debug|Any CPU.ActiveCfg = Debug|Any CPU
		{AE883D5B-8A65-43E8-83E1-81A473B51CC6}.Debug|Any CPU.Build.0 = Debug|Any CPU
		{AE883D5B-8A65-43E8-83E1-81A473B51CC6}.Release|Any CPU.ActiveCfg = Release|Any CPU
		{AE883D5B-8A65-43E8-83E1-81A473B51CC6}.Release|Any CPU.Build.0 = Release|Any CPU
	EndGlobalSection
	GlobalSection(SolutionProperties) = preSolution
		HideSolutionNode = FALSE
	EndGlobalSection
	GlobalSection(ExtensibilityGlobals) = postSolution
		SolutionGuid = {1954A851-3EA7-438A-A442-1D809C18128F}
	EndGlobalSection
EndGlobal
